
Microsoft Visual Studio Solution File, Format Version 12.00
# Visual Studio Version 16
VisualStudioVersion = 16.0.30804.86
MinimumVisualStudioVersion = 10.0.40219.1
Project("{FAE04EC0-301F-11D3-BF4B-00C04F79EFBC}") = "ClassMetodDemo", "ClassMetodDemo\ClassMetodDemo.csproj", "{8DF92787-A0C0-420E-BE6C-66E3E1399622}"
EndProject
Global
	GlobalSection(SolutionConfigurationPlatforms) = preSolution
		Debug|Any CPU = Debug|Any CPU
		Release|Any CPU = Release|Any CPU
	EndGlobalSection
	GlobalSection(ProjectConfigurationPlatforms) = postSolution
		{8DF92787-A0C0-420E-BE6C-66E3E1399622}.Debug|Any CPU.ActiveCfg = Debug|Any CPU
		{8DF92787-A0C0-420E-BE6C-66E3E1399622}.Debug|Any CPU.Build.0 = Debug|Any CPU
		{8DF92787-A0C0-420E-BE6C-66E3E1399622}.Release|Any CPU.ActiveCfg = Release|Any CPU
		{8DF92787-A0C0-420E-BE6C-66E3E1399622}.Release|Any CPU.Build.0 = Release|Any CPU
	EndGlobalSection
	GlobalSection(SolutionProperties) = preSolution
		HideSolutionNode = FALSE
	EndGlobalSection
	GlobalSection(ExtensibilityGlobals) = postSolution
		SolutionGuid = {14473019-949F-42DB-9F29-0CDC2E562C01}
	EndGlobalSection
EndGlobal
